
Microsoft Visual Studio Solution File, Format Version 12.00
# Visual Studio Version 17
VisualStudioVersion = 17.9.34616.47
MinimumVisualStudioVersion = 10.0.40219.1
Project("{FAE04EC0-301F-11D3-BF4B-00C04F79EFBC}") = "CenterSystem-Demo", "CenterSystem-Demo\CenterSystem-Demo.csproj", "{3EE62556-3DF8-4855-92C6-F7D6B93BDE64}"
EndProject
Global
	GlobalSection(SolutionConfigurationPlatforms) = preSolution
		Debug|Any CPU = Debug|Any CPU
		Release|Any CPU = Release|Any CPU
	EndGlobalSection
	GlobalSection(ProjectConfigurationPlatforms) = postSolution
		{3EE62556-3DF8-4855-92C6-F7D6B93BDE64}.Debug|Any CPU.ActiveCfg = Debug|Any CPU
		{3EE62556-3DF8-4855-92C6-F7D6B93BDE64}.Debug|Any CPU.Build.0 = Debug|Any CPU
		{3EE62556-3DF8-4855-92C6-F7D6B93BDE64}.Release|Any CPU.ActiveCfg = Release|Any CPU
		{3EE62556-3DF8-4855-92C6-F7D6B93BDE64}.Release|Any CPU.Build.0 = Release|Any CPU
	EndGlobalSection
	GlobalSection(SolutionProperties) = preSolution
		HideSolutionNode = FALSE
	EndGlobalSection
	GlobalSection(ExtensibilityGlobals) = postSolution
		SolutionGuid = {68D1E00C-28DE-4B3F-A0FD-1F57DC5F7EE9}
	EndGlobalSection
EndGlobal
